
Microsoft Visual Studio Solution File, Format Version 12.00
# Visual Studio Version 17
VisualStudioVersion = 17.11.35327.3
MinimumVisualStudioVersion = 10.0.40219.1
Project("{9A19103F-16F7-4668-BE54-9A1E7A4F7556}") = "q_1", "q_1\q_1.csproj", "{A94D4D80-D664-4D0D-B60B-05A30DB14A59}"
EndProject
Project("{9A19103F-16F7-4668-BE54-9A1E7A4F7556}") = "q_2", "q_2\q_2.csproj", "{9D090410-2640-46F9-9B80-DF26E186931D}"
EndProject
Project("{9A19103F-16F7-4668-BE54-9A1E7A4F7556}") = "q_6", "q_6\q_6.csproj", "{48AE599C-F048-4C1A-A4BB-968B3C815BED}"
EndProject
Project("{9A19103F-16F7-4668-BE54-9A1E7A4F7556}") = "q_7", "q_7\q_7.csproj", "{3F132AF3-C173-4C9A-934B-32E1341BB573}"
EndProject
Project("{2150E333-8FDC-42A3-9474-1A3956D46DE8}") = "ex01", "ex01", "{1528BCFE-5AF7-4AA6-B263-D245CBDEBA29}"
EndProject
Project("{2150E333-8FDC-42A3-9474-1A3956D46DE8}") = "ex02", "ex02", "{DEC4D7E5-0CCB-48F6-B3F7-DF11E5DDAA94}"
EndProject
Project("{FAE04EC0-301F-11D3-BF4B-00C04F79EFBC}") = "q_1", "..\..\ex02\ex02\q_1\q_1.csproj", "{C49C942A-4137-4030-B2C0-11AE72022556}"
EndProject
Project("{FAE04EC0-301F-11D3-BF4B-00C04F79EFBC}") = "q_2", "..\..\ex02\ex02\ConsoleApp1\q_2.csproj", "{10228F6A-E62A-45D1-A344-92ACD2E26E0E}"
EndProject
Project("{FAE04EC0-301F-11D3-BF4B-00C04F79EFBC}") = "q_3", "..\..\ex02\ex02\q_3\q_3.csproj", "{12BC841A-4177-42AA-AC41-FA064CF1EC16}"
EndProject
Project("{FAE04EC0-301F-11D3-BF4B-00C04F79EFBC}") = "q_4", "..\..\ex02\ex02\q_4\q_4.csproj", "{1E9B64B3-B80F-4251-941D-89718C8700E8}"
EndProject
Global
	GlobalSection(SolutionConfigurationPlatforms) = preSolution
		Debug|Any CPU = Debug|Any CPU
		Release|Any CPU = Release|Any CPU
	EndGlobalSection
	GlobalSection(ProjectConfigurationPlatforms) = postSolution
		{A94D4D80-D664-4D0D-B60B-05A30DB14A59}.Debug|Any CPU.ActiveCfg = Debug|Any CPU
		{A94D4D80-D664-4D0D-B60B-05A30DB14A59}.Debug|Any CPU.Build.0 = Debug|Any CPU
		{A94D4D80-D664-4D0D-B60B-05A30DB14A59}.Release|Any CPU.ActiveCfg = Release|Any CPU
		{A94D4D80-D664-4D0D-B60B-05A30DB14A59}.Release|Any CPU.Build.0 = Release|Any CPU
		{9D090410-2640-46F9-9B80-DF26E186931D}.Debug|Any CPU.ActiveCfg = Debug|Any CPU
		{9D090410-2640-46F9-9B80-DF26E186931D}.Debug|Any CPU.Build.0 = Debug|Any CPU
		{9D090410-2640-46F9-9B80-DF26E186931D}.Release|Any CPU.ActiveCfg = Release|Any CPU
		{9D090410-2640-46F9-9B80-DF26E186931D}.Release|Any CPU.Build.0 = Release|Any CPU
		{48AE599C-F048-4C1A-A4BB-968B3C815BED}.Debug|Any CPU.ActiveCfg = Debug|Any CPU
		{48AE599C-F048-4C1A-A4BB-968B3C815BED}.Debug|Any CPU.Build.0 = Debug|Any CPU
		{48AE599C-F048-4C1A-A4BB-968B3C815BED}.Release|Any CPU.ActiveCfg = Release|Any CPU
		{48AE599C-F048-4C1A-A4BB-968B3C815BED}.Release|Any CPU.Build.0 = Release|Any CPU
		{3F132AF3-C173-4C9A-934B-32E1341BB573}.Debug|Any CPU.ActiveCfg = Debug|Any CPU
		{3F132AF3-C173-4C9A-934B-32E1341BB573}.Debug|Any CPU.Build.0 = Debug|Any CPU
		{3F132AF3-C173-4C9A-934B-32E1341BB573}.Release|Any CPU.ActiveCfg = Release|Any CPU
		{3F132AF3-C173-4C9A-934B-32E1341BB573}.Release|Any CPU.Build.0 = Release|Any CPU
		{C49C942A-4137-4030-B2C0-11AE72022556}.Debug|Any CPU.ActiveCfg = Debug|Any CPU
		{C49C942A-4137-4030-B2C0-11AE72022556}.Debug|Any CPU.Build.0 = Debug|Any CPU
		{C49C942A-4137-4030-B2C0-11AE72022556}.Release|Any CPU.ActiveCfg = Release|Any CPU
		{C49C942A-4137-4030-B2C0-11AE72022556}.Release|Any CPU.Build.0 = Release|Any CPU
		{10228F6A-E62A-45D1-A344-92ACD2E26E0E}.Debug|Any CPU.ActiveCfg = Debug|Any CPU
		{10228F6A-E62A-45D1-A344-92ACD2E26E0E}.Debug|Any CPU.Build.0 = Debug|Any CPU
		{10228F6A-E62A-45D1-A344-92ACD2E26E0E}.Release|Any CPU.ActiveCfg = Release|Any CPU
		{10228F6A-E62A-45D1-A344-92ACD2E26E0E}.Release|Any CPU.Build.0 = Release|Any CPU
		{12BC841A-4177-42AA-AC41-FA064CF1EC16}.Debug|Any CPU.ActiveCfg = Debug|Any CPU
		{12BC841A-4177-42AA-AC41-FA064CF1EC16}.Debug|Any CPU.Build.0 = Debug|Any CPU
		{12BC841A-4177-42AA-AC41-FA064CF1EC16}.Release|Any CPU.ActiveCfg = Release|Any CPU
		{12BC841A-4177-42AA-AC41-FA064CF1EC16}.Release|Any CPU.Build.0 = Release|Any CPU
		{1E9B64B3-B80F-4251-941D-89718C8700E8}.Debug|Any CPU.ActiveCfg = Debug|Any CPU
		{1E9B64B3-B80F-4251-941D-89718C8700E8}.Debug|Any CPU.Build.0 = Debug|Any CPU
		{1E9B64B3-B80F-4251-941D-89718C8700E8}.Release|Any CPU.ActiveCfg = Release|Any CPU
		{1E9B64B3-B80F-4251-941D-89718C8700E8}.Release|Any CPU.Build.0 = Release|Any CPU
	EndGlobalSection
	GlobalSection(SolutionProperties) = preSolution
		HideSolutionNode = FALSE
	EndGlobalSection
	GlobalSection(NestedProjects) = preSolution
		{A94D4D80-D664-4D0D-B60B-05A30DB14A59} = {1528BCFE-5AF7-4AA6-B263-D245CBDEBA29}
		{9D090410-2640-46F9-9B80-DF26E186931D} = {1528BCFE-5AF7-4AA6-B263-D245CBDEBA29}
		{48AE599C-F048-4C1A-A4BB-968B3C815BED} = {1528BCFE-5AF7-4AA6-B263-D245CBDEBA29}
		{3F132AF3-C173-4C9A-934B-32E1341BB573} = {1528BCFE-5AF7-4AA6-B263-D245CBDEBA29}
		{C49C942A-4137-4030-B2C0-11AE72022556} = {DEC4D7E5-0CCB-48F6-B3F7-DF11E5DDAA94}
		{10228F6A-E62A-45D1-A344-92ACD2E26E0E} = {DEC4D7E5-0CCB-48F6-B3F7-DF11E5DDAA94}
		{12BC841A-4177-42AA-AC41-FA064CF1EC16} = {DEC4D7E5-0CCB-48F6-B3F7-DF11E5DDAA94}
		{1E9B64B3-B80F-4251-941D-89718C8700E8} = {DEC4D7E5-0CCB-48F6-B3F7-DF11E5DDAA94}
	EndGlobalSection
	GlobalSection(ExtensibilityGlobals) = postSolution
		SolutionGuid = {937DA2F2-D5C7-42F0-AB34-C54A77B23933}
	EndGlobalSection
EndGlobal
